// !$*UTF8*$!
{
	archiveVersion = 1;
	classes = {
	};
	objectVersion = 55;
	objects = {

/* Begin PBXBuildFile section */
		6F505DB6286F7E06004A5BB9 /* Constants.swift in Sources */ = {isa = PBXBuildFile; fileRef = 6F505DB5286F7E06004A5BB9 /* Constants.swift */; };
		6F505DB8286F7F38004A5BB9 /* ColorPickerView.swift in Sources */ = {isa = PBXBuildFile; fileRef = 6F505DB7286F7F38004A5BB9 /* ColorPickerView.swift */; };
		6FD10B8B286F67BB0076E3FC /* OpenMindApp.swift in Sources */ = {isa = PBXBuildFile; fileRef = 6FD10B8A286F67BB0076E3FC /* OpenMindApp.swift */; };
		6FD10B8D286F67BB0076E3FC /* ContentView.swift in Sources */ = {isa = PBXBuildFile; fileRef = 6FD10B8C286F67BB0076E3FC /* ContentView.swift */; };
		6FD10B8F286F67C30076E3FC /* Assets.xcassets in Resources */ = {isa = PBXBuildFile; fileRef = 6FD10B8E286F67C30076E3FC /* Assets.xcassets */; };
		6FD10B92286F67C30076E3FC /* Preview Assets.xcassets in Resources */ = {isa = PBXBuildFile; fileRef = 6FD10B91286F67C30076E3FC /* Preview Assets.xcassets */; };
		6FD10B9C286F67C30076E3FC /* OpenMindTests.swift in Sources */ = {isa = PBXBuildFile; fileRef = 6FD10B9B286F67C30076E3FC /* OpenMindTests.swift */; };
		6FD10BA6286F67C30076E3FC /* OpenMindUITests.swift in Sources */ = {isa = PBXBuildFile; fileRef = 6FD10BA5286F67C30076E3FC /* OpenMindUITests.swift */; };
		6FD10BA8286F67C30076E3FC /* OpenMindUITestsLaunchTests.swift in Sources */ = {isa = PBXBuildFile; fileRef = 6FD10BA7286F67C30076E3FC /* OpenMindUITestsLaunchTests.swift */; };
/* End PBXBuildFile section */

/* Begin PBXContainerItemProxy section */
		6FD10B98286F67C30076E3FC /* PBXContainerItemProxy */ = {
			isa = PBXContainerItemProxy;
			containerPortal = 6FD10B7F286F67BB0076E3FC /* Project object */;
			proxyType = 1;
			remoteGlobalIDString = 6FD10B86286F67BB0076E3FC;
			remoteInfo = OpenMind;
		};
		6FD10BA2286F67C30076E3FC /* PBXContainerItemProxy */ = {
			isa = PBXContainerItemProxy;
			containerPortal = 6FD10B7F286F67BB0076E3FC /* Project object */;
			proxyType = 1;
			remoteGlobalIDString = 6FD10B86286F67BB0076E3FC;
			remoteInfo = OpenMind;
		};
/* End PBXContainerItemProxy section */

/* Begin PBXFileReference section */
		6F505DB5286F7E06004A5BB9 /* Constants.swift */ = {isa = PBXFileReference; lastKnownFileType = sourcecode.swift; path = Constants.swift; sourceTree = "<group>"; };
		6F505DB7286F7F38004A5BB9 /* ColorPickerView.swift */ = {isa = PBXFileReference; lastKnownFileType = sourcecode.swift; path = ColorPickerView.swift; sourceTree = "<group>"; };
		6FD10B87286F67BB0076E3FC /* OpenMind.app */ = {isa = PBXFileReference; explicitFileType = wrapper.application; includeInIndex = 0; path = OpenMind.app; sourceTree = BUILT_PRODUCTS_DIR; };
		6FD10B8A286F67BB0076E3FC /* OpenMindApp.swift */ = {isa = PBXFileReference; lastKnownFileType = sourcecode.swift; path = OpenMindApp.swift; sourceTree = "<group>"; };
		6FD10B8C286F67BB0076E3FC /* ContentView.swift */ = {isa = PBXFileReference; lastKnownFileType = sourcecode.swift; path = ContentView.swift; sourceTree = "<group>"; };
		6FD10B8E286F67C30076E3FC /* Assets.xcassets */ = {isa = PBXFileReference; lastKnownFileType = folder.assetcatalog; path = Assets.xcassets; sourceTree = "<group>"; };
		6FD10B91286F67C30076E3FC /* Preview Assets.xcassets */ = {isa = PBXFileReference; lastKnownFileType = folder.assetcatalog; path = "Preview Assets.xcassets"; sourceTree = "<group>"; };
		6FD10B97286F67C30076E3FC /* OpenMindTests.xctest */ = {isa = PBXFileReference; explicitFileType = wrapper.cfbundle; includeInIndex = 0; path = OpenMindTests.xctest; sourceTree = BUILT_PRODUCTS_DIR; };
		6FD10B9B286F67C30076E3FC /* OpenMindTests.swift */ = {isa = PBXFileReference; lastKnownFileType = sourcecode.swift; path = OpenMindTests.swift; sourceTree = "<group>"; };
		6FD10BA1286F67C30076E3FC /* OpenMindUITests.xctest */ = {isa = PBXFileReference; explicitFileType = wrapper.cfbundle; includeInIndex = 0; path = OpenMindUITests.xctest; sourceTree = BUILT_PRODUCTS_DIR; };
		6FD10BA5286F67C30076E3FC /* OpenMindUITests.swift */ = {isa = PBXFileReference; lastKnownFileType = sourcecode.swift; path = OpenMindUITests.swift; sourceTree = "<group>"; };
		6FD10BA7286F67C30076E3FC /* OpenMindUITestsLaunchTests.swift */ = {isa = PBXFileReference; lastKnownFileType = sourcecode.swift; path = OpenMindUITestsLaunchTests.swift; sourceTree = "<group>"; };
/* End PBXFileReference section */

/* Begin PBXFrameworksBuildPhase section */
		6FD10B84286F67BB0076E3FC /* Frameworks */ = {
			isa = PBXFrameworksBuildPhase;
			buildActionMask = 2147483647;
			files = (
			);
			runOnlyForDeploymentPostprocessing = 0;
		};
		6FD10B94286F67C30076E3FC /* Frameworks */ = {
			isa = PBXFrameworksBuildPhase;
			buildActionMask = 2147483647;
			files = (
			);
			runOnlyForDeploymentPostprocessing = 0;
		};
		6FD10B9E286F67C30076E3FC /* Frameworks */ = {
			isa = PBXFrameworksBuildPhase;
			buildActionMask = 2147483647;
			files = (
			);
			runOnlyForDeploymentPostprocessing = 0;
		};
/* End PBXFrameworksBuildPhase section */

/* Begin PBXGroup section */
		6FD10B7E286F67BB0076E3FC = {
			isa = PBXGroup;
			children = (
				6FD10B89286F67BB0076E3FC /* OpenMind */,
				6FD10B9A286F67C30076E3FC /* OpenMindTests */,
				6FD10BA4286F67C30076E3FC /* OpenMindUITests */,
				6FD10B88286F67BB0076E3FC /* Products */,
			);
			sourceTree = "<group>";
		};
		6FD10B88286F67BB0076E3FC /* Products */ = {
			isa = PBXGroup;
			children = (
				6FD10B87286F67BB0076E3FC /* OpenMind.app */,
				6FD10B97286F67C30076E3FC /* OpenMindTests.xctest */,
				6FD10BA1286F67C30076E3FC /* OpenMindUITests.xctest */,
			);
			name = Products;
			sourceTree = "<group>";
		};
		6FD10B89286F67BB0076E3FC /* OpenMind */ = {
			isa = PBXGroup;
			children = (
				6FD10B8A286F67BB0076E3FC /* OpenMindApp.swift */,
				6FD10B8C286F67BB0076E3FC /* ContentView.swift */,
				6FD10B8E286F67C30076E3FC /* Assets.xcassets */,
				6FD10B90286F67C30076E3FC /* Preview Content */,
				6F505DB5286F7E06004A5BB9 /* Constants.swift */,
				6F505DB7286F7F38004A5BB9 /* ColorPickerView.swift */,
			);
			path = OpenMind;
			sourceTree = "<group>";
		};
		6FD10B90286F67C30076E3FC /* Preview Content */ = {
			isa = PBXGroup;
			children = (
				6FD10B91286F67C30076E3FC /* Preview Assets.xcassets */,
			);
			path = "Preview Content";
			sourceTree = "<group>";
		};
		6FD10B9A286F67C30076E3FC /* OpenMindTests */ = {
			isa = PBXGroup;
			children = (
				6FD10B9B286F67C30076E3FC /* OpenMindTests.swift */,
			);
			path = OpenMindTests;
			sourceTree = "<group>";
		};
		6FD10BA4286F67C30076E3FC /* OpenMindUITests */ = {
			isa = PBXGroup;
			children = (
				6FD10BA5286F67C30076E3FC /* OpenMindUITests.swift */,
				6FD10BA7286F67C30076E3FC /* OpenMindUITestsLaunchTests.swift */,
			);
			path = OpenMindUITests;
			sourceTree = "<group>";
		};
/* End PBXGroup section */

/* Begin PBXNativeTarget section */
		6FD10B86286F67BB0076E3FC /* OpenMind */ = {
			isa = PBXNativeTarget;
			buildConfigurationList = 6FD10BAB286F67C30076E3FC /* Build configuration list for PBXNativeTarget "OpenMind" */;
			buildPhases = (
				6FD10B83286F67BB0076E3FC /* Sources */,
				6FD10B84286F67BB0076E3FC /* Frameworks */,
				6FD10B85286F67BB0076E3FC /* Resources */,
			);
			buildRules = (
			);
			dependencies = (
			);
			name = OpenMind;
			productName = OpenMind;
			productReference = 6FD10B87286F67BB0076E3FC /* OpenMind.app */;
			productType = "com.apple.product-type.application";
		};
		6FD10B96286F67C30076E3FC /* OpenMindTests */ = {
			isa = PBXNativeTarget;
			buildConfigurationList = 6FD10BAE286F67C30076E3FC /* Build configuration list for PBXNativeTarget "OpenMindTests" */;
			buildPhases = (
				6FD10B93286F67C30076E3FC /* Sources */,
				6FD10B94286F67C30076E3FC /* Frameworks */,
				6FD10B95286F67C30076E3FC /* Resources */,
			);
			buildRules = (
			);
			dependencies = (
				6FD10B99286F67C30076E3FC /* PBXTargetDependency */,
			);
			name = OpenMindTests;
			productName = OpenMindTests;
			productReference = 6FD10B97286F67C30076E3FC /* OpenMindTests.xctest */;
			productType = "com.apple.product-type.bundle.unit-test";
		};
		6FD10BA0286F67C30076E3FC /* OpenMindUITests */ = {
			isa = PBXNativeTarget;
			buildConfigurationList = 6FD10BB1286F67C30076E3FC /* Build configuration list for PBXNativeTarget "OpenMindUITests" */;
			buildPhases = (
				6FD10B9D286F67C30076E3FC /* Sources */,
				6FD10B9E286F67C30076E3FC /* Frameworks */,
				6FD10B9F286F67C30076E3FC /* Resources */,
			);
			buildRules = (
			);
			dependencies = (
				6FD10BA3286F67C30076E3FC /* PBXTargetDependency */,
			);
			name = OpenMindUITests;
			productName = OpenMindUITests;
			productReference = 6FD10BA1286F67C30076E3FC /* OpenMindUITests.xctest */;
			productType = "com.apple.product-type.bundle.ui-testing";
		};
/* End PBXNativeTarget section */

/* Begin PBXProject section */
		6FD10B7F286F67BB0076E3FC /* Project object */ = {
			isa = PBXProject;
			attributes = {
				BuildIndependentTargetsInParallel = 1;
				LastSwiftUpdateCheck = 1340;
				LastUpgradeCheck = 1340;
				TargetAttributes = {
					6FD10B86286F67BB0076E3FC = {
						CreatedOnToolsVersion = 13.4.1;
					};
					6FD10B96286F67C30076E3FC = {
						CreatedOnToolsVersion = 13.4.1;
						TestTargetID = 6FD10B86286F67BB0076E3FC;
					};
					6FD10BA0286F67C30076E3FC = {
						CreatedOnToolsVersion = 13.4.1;
						TestTargetID = 6FD10B86286F67BB0076E3FC;
					};
				};
			};
			buildConfigurationList = 6FD10B82286F67BB0076E3FC /* Build configuration list for PBXProject "OpenMind" */;
			compatibilityVersion = "Xcode 13.0";
			developmentRegion = en;
			hasScannedForEncodings = 0;
			knownRegions = (
				en,
				Base,
			);
			mainGroup = 6FD10B7E286F67BB0076E3FC;
			productRefGroup = 6FD10B88286F67BB0076E3FC /* Products */;
			projectDirPath = "";
			projectRoot = "";
			targets = (
				6FD10B86286F67BB0076E3FC /* OpenMind */,
				6FD10B96286F67C30076E3FC /* OpenMindTests */,
				6FD10BA0286F67C30076E3FC /* OpenMindUITests */,
			);
		};
/* End PBXProject section */

/* Begin PBXResourcesBuildPhase section */
		6FD10B85286F67BB0076E3FC /* Resources */ = {
			isa = PBXResourcesBuildPhase;
			buildActionMask = 2147483647;
			files = (
				6FD10B92286F67C30076E3FC /* Preview Assets.xcassets in Resources */,
				6FD10B8F286F67C30076E3FC /* Assets.xcassets in Resources */,
			);
			runOnlyForDeploymentPostprocessing = 0;
		};
		6FD10B95286F67C30076E3FC /* Resources */ = {
			isa = PBXResourcesBuildPhase;
			buildActionMask = 2147483647;
			files = (
			);
			runOnlyForDeploymentPostprocessing = 0;
		};
		6FD10B9F286F67C30076E3FC /* Resources */ = {
			isa = PBXResourcesBuildPhase;
			buildActionMask = 2147483647;
			files = (
			);
			runOnlyForDeploymentPostprocessing = 0;
		};
/* End PBXResourcesBuildPhase section */

/* Begin PBXSourcesBuildPhase section */
		6FD10B83286F67BB0076E3FC /* Sources */ = {
			isa = PBXSourcesBuildPhase;
			buildActionMask = 2147483647;
			files = (
				6F505DB8286F7F38004A5BB9 /* ColorPickerView.swift in Sources */,
				6FD10B8D286F67BB0076E3FC /* ContentView.swift in Sources */,
				6FD10B8B286F67BB0076E3FC /* OpenMindApp.swift in Sources */,
				6F505DB6286F7E06004A5BB9 /* Constants.swift in Sources */,
			);
			runOnlyForDeploymentPostprocessing = 0;
		};
		6FD10B93286F67C30076E3FC /* Sources */ = {
			isa = PBXSourcesBuildPhase;
			buildActionMask = 2147483647;
			files = (
				6FD10B9C286F67C30076E3FC /* OpenMindTests.swift in Sources */,
			);
			runOnlyForDeploymentPostprocessing = 0;
		};
		6FD10B9D286F67C30076E3FC /* Sources */ = {
			isa = PBXSourcesBuildPhase;
			buildActionMask = 2147483647;
			files = (
				6FD10BA8286F67C30076E3FC /* OpenMindUITestsLaunchTests.swift in Sources */,
				6FD10BA6286F67C30076E3FC /* OpenMindUITests.swift in Sources */,
			);
			runOnlyForDeploymentPostprocessing = 0;
		};
/* End PBXSourcesBuildPhase section */

/* Begin PBXTargetDependency section */
		6FD10B99286F67C30076E3FC /* PBXTargetDependency */ = {
			isa = PBXTargetDependency;
			target = 6FD10B86286F67BB0076E3FC /* OpenMind */;
			targetProxy = 6FD10B98286F67C30076E3FC /* PBXContainerItemProxy */;
		};
		6FD10BA3286F67C30076E3FC /* PBXTargetDependency */ = {
			isa = PBXTargetDependency;
			target = 6FD10B86286F67BB0076E3FC /* OpenMind */;
			targetProxy = 6FD10BA2286F67C30076E3FC /* PBXContainerItemProxy */;
		};
/* End PBXTargetDependency section */

/* Begin XCBuildConfiguration section */
		6FD10BA9286F67C30076E3FC /* Debug */ = {
			isa = XCBuildConfiguration;
			buildSettings = {
				ALWAYS_SEARCH_USER_PATHS = NO;
				CLANG_ANALYZER_NONNULL = YES;
				CLANG_ANALYZER_NUMBER_OBJECT_CONVERSION = YES_AGGRESSIVE;
				CLANG_CXX_LANGUAGE_STANDARD = "gnu++17";
				CLANG_ENABLE_MODULES = YES;
				CLANG_ENABLE_OBJC_ARC = YES;
				CLANG_ENABLE_OBJC_WEAK = YES;
				CLANG_WARN_BLOCK_CAPTURE_AUTORELEASING = YES;
				CLANG_WARN_BOOL_CONVERSION = YES;
				CLANG_WARN_COMMA = YES;
				CLANG_WARN_CONSTANT_CONVERSION = YES;
				CLANG_WARN_DEPRECATED_OBJC_IMPLEMENTATIONS = YES;
				CLANG_WARN_DIRECT_OBJC_ISA_USAGE = YES_ERROR;
				CLANG_WARN_DOCUMENTATION_COMMENTS = YES;
				CLANG_WARN_EMPTY_BODY = YES;
				CLANG_WARN_ENUM_CONVERSION = YES;
				CLANG_WARN_INFINITE_RECURSION = YES;
				CLANG_WARN_INT_CONVERSION = YES;
				CLANG_WARN_NON_LITERAL_NULL_CONVERSION = YES;
				CLANG_WARN_OBJC_IMPLICIT_RETAIN_SELF = YES;
				CLANG_WARN_OBJC_LITERAL_CONVERSION = YES;
				CLANG_WARN_OBJC_ROOT_CLASS = YES_ERROR;
				CLANG_WARN_QUOTED_INCLUDE_IN_FRAMEWORK_HEADER = YES;
				CLANG_WARN_RANGE_LOOP_ANALYSIS = YES;
				CLANG_WARN_STRICT_PROTOTYPES = YES;
				CLANG_WARN_SUSPICIOUS_MOVE = YES;
				CLANG_WARN_UNGUARDED_AVAILABILITY = YES_AGGRESSIVE;
				CLANG_WARN_UNREACHABLE_CODE = YES;
				CLANG_WARN__DUPLICATE_METHOD_MATCH = YES;
				COPY_PHASE_STRIP = NO;
				DEBUG_INFORMATION_FORMAT = dwarf;
				ENABLE_STRICT_OBJC_MSGSEND = YES;
				ENABLE_TESTABILITY = YES;
				GCC_C_LANGUAGE_STANDARD = gnu11;
				GCC_DYNAMIC_NO_PIC = NO;
				GCC_NO_COMMON_BLOCKS = YES;
				GCC_OPTIMIZATION_LEVEL = 0;
				GCC_PREPROCESSOR_DEFINITIONS = (
					"DEBUG=1",
					"$(inherited)",
				);
				GCC_WARN_64_TO_32_BIT_CONVERSION = YES;
				GCC_WARN_ABOUT_RETURN_TYPE = YES_ERROR;
				GCC_WARN_UNDECLARED_SELECTOR = YES;
				GCC_WARN_UNINITIALIZED_AUTOS = YES_AGGRESSIVE;
				GCC_WARN_UNUSED_FUNCTION = YES;
				GCC_WARN_UNUSED_VARIABLE = YES;
				IPHONEOS_DEPLOYMENT_TARGET = 15.5;
				MTL_ENABLE_DEBUG_INFO = INCLUDE_SOURCE;
				MTL_FAST_MATH = YES;
				ONLY_ACTIVE_ARCH = YES;
				SDKROOT = iphoneos;
				SWIFT_ACTIVE_COMPILATION_CONDITIONS = DEBUG;
				SWIFT_OPTIMIZATION_LEVEL = "-Onone";
			};
			name = Debug;
		};
		6FD10BAA286F67C30076E3FC /* Release */ = {
			isa = XCBuildConfiguration;
			buildSettings = {
				ALWAYS_SEARCH_USER_PATHS = NO;
				CLANG_ANALYZER_NONNULL = YES;
				CLANG_ANALYZER_NUMBER_OBJECT_CONVERSION = YES_AGGRESSIVE;
				CLANG_CXX_LANGUAGE_STANDARD = "gnu++17";
				CLANG_ENABLE_MODULES = YES;
				CLANG_ENABLE_OBJC_ARC = YES;
				CLANG_ENABLE_OBJC_WEAK = YES;
				CLANG_WARN_BLOCK_CAPTURE_AUTORELEASING = YES;
				CLANG_WARN_BOOL_CONVERSION = YES;
				CLANG_WARN_COMMA = YES;
				CLANG_WARN_CONSTANT_CONVERSION = YES;
				CLANG_WARN_DEPRECATED_OBJC_IMPLEMENTATIONS = YES;
				CLANG_WARN_DIRECT_OBJC_ISA_USAGE = YES_ERROR;
				CLANG_WARN_DOCUMENTATION_COMMENTS = YES;
				CLANG_WARN_EMPTY_BODY = YES;
				CLANG_WARN_ENUM_CONVERSION = YES;
				CLANG_WARN_INFINITE_RECURSION = YES;
				CLANG_WARN_INT_CONVERSION = YES;
				CLANG_WARN_NON_LITERAL_NULL_CONVERSION = YES;
				CLANG_WARN_OBJC_IMPLICIT_RETAIN_SELF = YES;
				CLANG_WARN_OBJC_LITERAL_CONVERSION = YES;
				CLANG_WARN_OBJC_ROOT_CLASS = YES_ERROR;
				CLANG_WARN_QUOTED_INCLUDE_IN_FRAMEWORK_HEADER = YES;
				CLANG_WARN_RANGE_LOOP_ANALYSIS = YES;
				CLANG_WARN_STRICT_PROTOTYPES = YES;
				CLANG_WARN_SUSPICIOUS_MOVE = YES;
				CLANG_WARN_UNGUARDED_AVAILABILITY = YES_AGGRESSIVE;
				CLANG_WARN_UNREACHABLE_CODE = YES;
				CLANG_WARN__DUPLICATE_METHOD_MATCH = YES;
				COPY_PHASE_STRIP = NO;
				DEBUG_INFORMATION_FORMAT = "dwarf-with-dsym";
				ENABLE_NS_ASSERTIONS = NO;
				ENABLE_STRICT_OBJC_MSGSEND = YES;
				GCC_C_LANGUAGE_STANDARD = gnu11;
				GCC_NO_COMMON_BLOCKS = YES;
				GCC_WARN_64_TO_32_BIT_CONVERSION = YES;
				GCC_WARN_ABOUT_RETURN_TYPE = YES_ERROR;
				GCC_WARN_UNDECLARED_SELECTOR = YES;
				GCC_WARN_UNINITIALIZED_AUTOS = YES_AGGRESSIVE;
				GCC_WARN_UNUSED_FUNCTION = YES;
				GCC_WARN_UNUSED_VARIABLE = YES;
				IPHONEOS_DEPLOYMENT_TARGET = 15.5;
				MTL_ENABLE_DEBUG_INFO = NO;
				MTL_FAST_MATH = YES;
				SDKROOT = iphoneos;
				SWIFT_COMPILATION_MODE = wholemodule;
				SWIFT_OPTIMIZATION_LEVEL = "-O";
				VALIDATE_PRODUCT = YES;
			};
			name = Release;
		};
		6FD10BAC286F67C30076E3FC /* Debug */ = {
			isa = XCBuildConfiguration;
			buildSettings = {
				ASSETCATALOG_COMPILER_APPICON_NAME = AppIcon;
				ASSETCATALOG_COMPILER_GLOBAL_ACCENT_COLOR_NAME = AccentColor;
				CODE_SIGN_STYLE = Automatic;
				CURRENT_PROJECT_VERSION = 1;
				DEVELOPMENT_ASSET_PATHS = "\"OpenMind/Preview Content\"";
				DEVELOPMENT_TEAM = A8DDU56C38;
				ENABLE_PREVIEWS = YES;
				GENERATE_INFOPLIST_FILE = YES;
				INFOPLIST_KEY_UIApplicationSceneManifest_Generation = YES;
				INFOPLIST_KEY_UIApplicationSupportsIndirectInputEvents = YES;
				INFOPLIST_KEY_UILaunchScreen_Generation = YES;
				INFOPLIST_KEY_UISupportedInterfaceOrientations_iPad = "UIInterfaceOrientationPortrait UIInterfaceOrientationPortraitUpsideDown UIInterfaceOrientationLandscapeLeft UIInterfaceOrientationLandscapeRight";
				INFOPLIST_KEY_UISupportedInterfaceOrientations_iPhone = "UIInterfaceOrientationPortrait UIInterfaceOrientationLandscapeLeft UIInterfaceOrientationLandscapeRight";
				LD_RUNPATH_SEARCH_PATHS = (
					"$(inherited)",
					"@executable_path/Frameworks",
				);
				MARKETING_VERSION = 1.0;
				PRODUCT_BUNDLE_IDENTIFIER = test.OpenMind;
				PRODUCT_NAME = "$(TARGET_NAME)";
				SWIFT_EMIT_LOC_STRINGS = YES;
				SWIFT_VERSION = 5.0;
				TARGETED_DEVICE_FAMILY = "1,2";
			};
			name = Debug;
		};
		6FD10BAD286F67C30076E3FC /* Release */ = {
			isa = XCBuildConfiguration;
			buildSettings = {
				ASSETCATALOG_COMPILER_APPICON_NAME = AppIcon;
				ASSETCATALOG_COMPILER_GLOBAL_ACCENT_COLOR_NAME = AccentColor;
				CODE_SIGN_STYLE = Automatic;
				CURRENT_PROJECT_VERSION = 1;
				DEVELOPMENT_ASSET_PATHS = "\"OpenMind/Preview Content\"";
				DEVELOPMENT_TEAM = A8DDU56C38;
				ENABLE_PREVIEWS = YES;
				GENERATE_INFOPLIST_FILE = YES;
				INFOPLIST_KEY_UIApplicationSceneManifest_Generation = YES;
				INFOPLIST_KEY_UIApplicationSupportsIndirectInputEvents = YES;
				INFOPLIST_KEY_UILaunchScreen_Generation = YES;
				INFOPLIST_KEY_UISupportedInterfaceOrientations_iPad = "UIInterfaceOrientationPortrait UIInterfaceOrientationPortraitUpsideDown UIInterfaceOrientationLandscapeLeft UIInterfaceOrientationLandscapeRight";
				INFOPLIST_KEY_UISupportedInterfaceOrientations_iPhone = "UIInterfaceOrientationPortrait UIInterfaceOrientationLandscapeLeft UIInterfaceOrientationLandscapeRight";
				LD_RUNPATH_SEARCH_PATHS = (
					"$(inherited)",
					"@executable_path/Frameworks",
				);
				MARKETING_VERSION = 1.0;
				PRODUCT_BUNDLE_IDENTIFIER = test.OpenMind;
				PRODUCT_NAME = "$(TARGET_NAME)";
				SWIFT_EMIT_LOC_STRINGS = YES;
				SWIFT_VERSION = 5.0;
				TARGETED_DEVICE_FAMILY = "1,2";
			};
			name = Release;
		};
		6FD10BAF286F67C30076E3FC /* Debug */ = {
			isa = XCBuildConfiguration;
			buildSettings = {
				ALWAYS_EMBED_SWIFT_STANDARD_LIBRARIES = YES;
				BUNDLE_LOADER = "$(TEST_HOST)";
				CODE_SIGN_STYLE = Automatic;
				CURRENT_PROJECT_VERSION = 1;
				DEVELOPMENT_TEAM = A8DDU56C38;
				GENERATE_INFOPLIST_FILE = YES;
				IPHONEOS_DEPLOYMENT_TARGET = 15.5;
				MARKETING_VERSION = 1.0;
				PRODUCT_BUNDLE_IDENTIFIER = test.OpenMindTests;
				PRODUCT_NAME = "$(TARGET_NAME)";
				SWIFT_EMIT_LOC_STRINGS = NO;
				SWIFT_VERSION = 5.0;
				TARGETED_DEVICE_FAMILY = "1,2";
				TEST_HOST = "$(BUILT_PRODUCTS_DIR)/OpenMind.app/OpenMind";
			};
			name = Debug;
		};
		6FD10BB0286F67C30076E3FC /* Release */ = {
			isa = XCBuildConfiguration;
			buildSettings = {
				ALWAYS_EMBED_SWIFT_STANDARD_LIBRARIES = YES;
				BUNDLE_LOADER = "$(TEST_HOST)";
				CODE_SIGN_STYLE = Automatic;
				CURRENT_PROJECT_VERSION = 1;
				DEVELOPMENT_TEAM = A8DDU56C38;
				GENERATE_INFOPLIST_FILE = YES;
				IPHONEOS_DEPLOYMENT_TARGET = 15.5;
				MARKETING_VERSION = 1.0;
				PRODUCT_BUNDLE_IDENTIFIER = test.OpenMindTests;
				PRODUCT_NAME = "$(TARGET_NAME)";
				SWIFT_EMIT_LOC_STRINGS = NO;
				SWIFT_VERSION = 5.0;
				TARGETED_DEVICE_FAMILY = "1,2";
				TEST_HOST = "$(BUILT_PRODUCTS_DIR)/OpenMind.app/OpenMind";
			};
			name = Release;
		};
		6FD10BB2286F67C30076E3FC /* Debug */ = {
			isa = XCBuildConfiguration;
			buildSettings = {
				ALWAYS_EMBED_SWIFT_STANDARD_LIBRARIES = YES;
				CODE_SIGN_STYLE = Automatic;
				CURRENT_PROJECT_VERSION = 1;
				DEVELOPMENT_TEAM = A8DDU56C38;
				GENERATE_INFOPLIST_FILE = YES;
				MARKETING_VERSION = 1.0;
				PRODUCT_BUNDLE_IDENTIFIER = test.OpenMindUITests;
				PRODUCT_NAME = "$(TARGET_NAME)";
				SWIFT_EMIT_LOC_STRINGS = NO;
				SWIFT_VERSION = 5.0;
				TARGETED_DEVICE_FAMILY = "1,2";
				TEST_TARGET_NAME = OpenMind;
			};
			name = Debug;
		};
		6FD10BB3286F67C30076E3FC /* Release */ = {
			isa = XCBuildConfiguration;
			buildSettings = {
				ALWAYS_EMBED_SWIFT_STANDARD_LIBRARIES = YES;
				CODE_SIGN_STYLE = Automatic;
				CURRENT_PROJECT_VERSION = 1;
				DEVELOPMENT_TEAM = A8DDU56C38;
				GENERATE_INFOPLIST_FILE = YES;
				MARKETING_VERSION = 1.0;
				PRODUCT_BUNDLE_IDENTIFIER = test.OpenMindUITests;
				PRODUCT_NAME = "$(TARGET_NAME)";
				SWIFT_EMIT_LOC_STRINGS = NO;
				SWIFT_VERSION = 5.0;
				TARGETED_DEVICE_FAMILY = "1,2";
				TEST_TARGET_NAME = OpenMind;
			};
			name = Release;
		};
/* End XCBuildConfiguration section */

/* Begin XCConfigurationList section */
		6FD10B82286F67BB0076E3FC /* Build configuration list for PBXProject "OpenMind" */ = {
			isa = XCConfigurationList;
			buildConfigurations = (
				6FD10BA9286F67C30076E3FC /* Debug */,
				6FD10BAA286F67C30076E3FC /* Release */,
			);
			defaultConfigurationIsVisible = 0;
			defaultConfigurationName = Release;
		};
		6FD10BAB286F67C30076E3FC /* Build configuration list for PBXNativeTarget "OpenMind" */ = {
			isa = XCConfigurationList;
			buildConfigurations = (
				6FD10BAC286F67C30076E3FC /* Debug */,
				6FD10BAD286F67C30076E3FC /* Release */,
			);
			defaultConfigurationIsVisible = 0;
			defaultConfigurationName = Release;
		};
		6FD10BAE286F67C30076E3FC /* Build configuration list for PBXNativeTarget "OpenMindTests" */ = {
			isa = XCConfigurationList;
			buildConfigurations = (
				6FD10BAF286F67C30076E3FC /* Debug */,
				6FD10BB0286F67C30076E3FC /* Release */,
			);
			defaultConfigurationIsVisible = 0;
			defaultConfigurationName = Release;
		};
		6FD10BB1286F67C30076E3FC /* Build configuration list for PBXNativeTarget "OpenMindUITests" */ = {
			isa = XCConfigurationList;
			buildConfigurations = (
				6FD10BB2286F67C30076E3FC /* Debug */,
				6FD10BB3286F67C30076E3FC /* Release */,
			);
			defaultConfigurationIsVisible = 0;
			defaultConfigurationName = Release;
		};
/* End XCConfigurationList section */
	};
	rootObject = 6FD10B7F286F67BB0076E3FC /* Project object */;
}
